# This file is automatically @generated by Wally.
# It is not intended for manual editing.
registry = "test"

[[package]]
name = "as8d/canim"
version = "0.0.4"
dependencies = [["Promise", "evaera/promise@4.0.0"], ["Signal", "stravant/goodsignal@0.2.1"]]

[[package]]
name = "evaera/promise"
version = "4.0.0"
dependencies = []

[[package]]
name = "kampfkarren/roact-hooks"
version = "0.5.1"
dependencies = []

[[package]]
name = "red-blox/future"
version = "1.0.1"
dependencies = [["Spawn", "red-blox/spawn@1.0.0"]]

[[package]]
name = "red-blox/guard"
version = "1.0.1"
dependencies = []

[[package]]
name = "red-blox/red"
version = "2.1.1"
dependencies = [["Future", "red-blox/future@1.0.1"], ["Guard", "red-blox/guard@1.0.1"], ["Spawn", "red-blox/spawn@1.0.0"]]

[[package]]
name = "red-blox/spawn"
version = "1.0.0"
dependencies = []

[[package]]
name = "roblox/roact"
version = "1.4.4"
dependencies = []

[[package]]
name = "stravant/goodsignal"
version = "0.2.1"
dependencies = []

[[package]]
name = "user/gun-engineeelol"
version = "0.1.0"
dependencies = [["Red", "red-blox/red@2.1.1"], ["canim", "as8d/canim@0.0.4"], ["guard", "red-blox/guard@1.0.1"], ["roact", "roblox/roact@1.4.4"], ["roact-hooks", "kampfkarren/roact-hooks@0.5.1"]]
